
Microsoft Visual Studio Solution File, Format Version 12.00
# Visual Studio Version 17
VisualStudioVersion = 17.2.32526.322
MinimumVisualStudioVersion = 10.0.40219.1
Project("{FAE04EC0-301F-11D3-BF4B-00C04F79EFBC}") = "BinaryNumber", "BinaryNumber\BinaryNumber.csproj", "{06E0B484-BFF1-4AAB-A608-8858C1559886}"
EndProject
Global
	GlobalSection(SolutionConfigurationPlatforms) = preSolution
		Debug|Any CPU = Debug|Any CPU
		Release|Any CPU = Release|Any CPU
	EndGlobalSection
	GlobalSection(ProjectConfigurationPlatforms) = postSolution
		{06E0B484-BFF1-4AAB-A608-8858C1559886}.Debug|Any CPU.ActiveCfg = Debug|Any CPU
		{06E0B484-BFF1-4AAB-A608-8858C1559886}.Debug|Any CPU.Build.0 = Debug|Any CPU
		{06E0B484-BFF1-4AAB-A608-8858C1559886}.Release|Any CPU.ActiveCfg = Release|Any CPU
		{06E0B484-BFF1-4AAB-A608-8858C1559886}.Release|Any CPU.Build.0 = Release|Any CPU
	EndGlobalSection
	GlobalSection(SolutionProperties) = preSolution
		HideSolutionNode = FALSE
	EndGlobalSection
	GlobalSection(ExtensibilityGlobals) = postSolution
		SolutionGuid = {867471F7-7750-4160-9CE8-A344F1E80C54}
	EndGlobalSection
EndGlobal
